
Microsoft Visual Studio Solution File, Format Version 12.00
# Visual Studio 15
VisualStudioVersion = 15.0.28307.168
MinimumVisualStudioVersion = 10.0.40219.1
Project("{FAE04EC0-301F-11D3-BF4B-00C04F79EFBC}") = "Tetris-AI", "Tetris-AI\Tetris-AI.csproj", "{EC656371-D22D-409D-A2E1-5B73ED13CEBA}"
EndProject
Global
	GlobalSection(SolutionConfigurationPlatforms) = preSolution
		Debug|Any CPU = Debug|Any CPU
		Release|Any CPU = Release|Any CPU
	EndGlobalSection
	GlobalSection(ProjectConfigurationPlatforms) = postSolution
		{EC656371-D22D-409D-A2E1-5B73ED13CEBA}.Debug|Any CPU.ActiveCfg = Debug|Any CPU
		{EC656371-D22D-409D-A2E1-5B73ED13CEBA}.Debug|Any CPU.Build.0 = Debug|Any CPU
		{EC656371-D22D-409D-A2E1-5B73ED13CEBA}.Release|Any CPU.ActiveCfg = Release|Any CPU
		{EC656371-D22D-409D-A2E1-5B73ED13CEBA}.Release|Any CPU.Build.0 = Release|Any CPU
	EndGlobalSection
	GlobalSection(SolutionProperties) = preSolution
		HideSolutionNode = FALSE
	EndGlobalSection
	GlobalSection(ExtensibilityGlobals) = postSolution
		SolutionGuid = {B0DD65DF-B69E-46CF-B0DF-0E0D382F1057}
	EndGlobalSection
EndGlobal
